// !$*UTF8*$!
{
	archiveVersion = 1;
	classes = {
	};
	objectVersion = 50;
	objects = {

/* Begin PBXBuildFile section */
		1F8D4359261F733800A9690D /* NavigationBarView.swift in Sources */ = {isa = PBXBuildFile; fileRef = 1F8D4358261F733800A9690D /* NavigationBarView.swift */; };
		1F8D435C261FB40B00A9690D /* LogoView.swift in Sources */ = {isa = PBXBuildFile; fileRef = 1F8D435B261FB40B00A9690D /* LogoView.swift */; };
		1F8D435F261FB83500A9690D /* PlayerModel.swift in Sources */ = {isa = PBXBuildFile; fileRef = 1F8D435E261FB83500A9690D /* PlayerModel.swift */; };
		1F8D4362261FB88400A9690D /* CodableBundleExtension.swift in Sources */ = {isa = PBXBuildFile; fileRef = 1F8D4361261FB88400A9690D /* CodableBundleExtension.swift */; };
		1F8D4365261FBB3B00A9690D /* FeaturedItemView.swift in Sources */ = {isa = PBXBuildFile; fileRef = 1F8D4364261FBB3B00A9690D /* FeaturedItemView.swift */; };
		1F8D4368261FBC3600A9690D /* FeaturedTabView.swift in Sources */ = {isa = PBXBuildFile; fileRef = 1F8D4367261FBC3600A9690D /* FeaturedTabView.swift */; };
		1F8D436B261FBE7000A9690D /* CategoryModel.swift in Sources */ = {isa = PBXBuildFile; fileRef = 1F8D436A261FBE7000A9690D /* CategoryModel.swift */; };
		1F986576261E74CA00E3077E /* TouchdownApp.swift in Sources */ = {isa = PBXBuildFile; fileRef = 1F986575261E74CA00E3077E /* TouchdownApp.swift */; };
		1F986578261E74CA00E3077E /* ContentView.swift in Sources */ = {isa = PBXBuildFile; fileRef = 1F986577261E74CA00E3077E /* ContentView.swift */; };
		1F98657A261E74CC00E3077E /* Assets.xcassets in Resources */ = {isa = PBXBuildFile; fileRef = 1F986579261E74CC00E3077E /* Assets.xcassets */; };
		1F98657D261E74CC00E3077E /* Preview Assets.xcassets in Resources */ = {isa = PBXBuildFile; fileRef = 1F98657C261E74CC00E3077E /* Preview Assets.xcassets */; };
		1F986589261E757900E3077E /* brand.json in Resources */ = {isa = PBXBuildFile; fileRef = 1F986585261E757900E3077E /* brand.json */; };
		1F98658A261E757900E3077E /* category.json in Resources */ = {isa = PBXBuildFile; fileRef = 1F986586261E757900E3077E /* category.json */; };
		1F98658B261E757900E3077E /* player.json in Resources */ = {isa = PBXBuildFile; fileRef = 1F986587261E757900E3077E /* player.json */; };
		1F98658C261E757900E3077E /* product.json in Resources */ = {isa = PBXBuildFile; fileRef = 1F986588261E757900E3077E /* product.json */; };
		1F986599261E76A100E3077E /* Constant.swift in Sources */ = {isa = PBXBuildFile; fileRef = 1F986598261E76A100E3077E /* Constant.swift */; };
		1F98659D261E7BA200E3077E /* FooterView.swift in Sources */ = {isa = PBXBuildFile; fileRef = 1F98659C261E7BA200E3077E /* FooterView.swift */; };
/* End PBXBuildFile section */

/* Begin PBXFileReference section */
		1F8D4358261F733800A9690D /* NavigationBarView.swift */ = {isa = PBXFileReference; lastKnownFileType = sourcecode.swift; path = NavigationBarView.swift; sourceTree = "<group>"; };
		1F8D435B261FB40B00A9690D /* LogoView.swift */ = {isa = PBXFileReference; lastKnownFileType = sourcecode.swift; path = LogoView.swift; sourceTree = "<group>"; };
		1F8D435E261FB83500A9690D /* PlayerModel.swift */ = {isa = PBXFileReference; lastKnownFileType = sourcecode.swift; path = PlayerModel.swift; sourceTree = "<group>"; };
		1F8D4361261FB88400A9690D /* CodableBundleExtension.swift */ = {isa = PBXFileReference; lastKnownFileType = sourcecode.swift; path = CodableBundleExtension.swift; sourceTree = "<group>"; };
		1F8D4364261FBB3B00A9690D /* FeaturedItemView.swift */ = {isa = PBXFileReference; lastKnownFileType = sourcecode.swift; path = FeaturedItemView.swift; sourceTree = "<group>"; };
		1F8D4367261FBC3600A9690D /* FeaturedTabView.swift */ = {isa = PBXFileReference; lastKnownFileType = sourcecode.swift; path = FeaturedTabView.swift; sourceTree = "<group>"; };
		1F8D436A261FBE7000A9690D /* CategoryModel.swift */ = {isa = PBXFileReference; lastKnownFileType = sourcecode.swift; path = CategoryModel.swift; sourceTree = "<group>"; };
		1F986572261E74CA00E3077E /* Touchdown.app */ = {isa = PBXFileReference; explicitFileType = wrapper.application; includeInIndex = 0; path = Touchdown.app; sourceTree = BUILT_PRODUCTS_DIR; };
		1F986575261E74CA00E3077E /* TouchdownApp.swift */ = {isa = PBXFileReference; lastKnownFileType = sourcecode.swift; path = TouchdownApp.swift; sourceTree = "<group>"; };
		1F986577261E74CA00E3077E /* ContentView.swift */ = {isa = PBXFileReference; lastKnownFileType = sourcecode.swift; path = ContentView.swift; sourceTree = "<group>"; };
		1F986579261E74CC00E3077E /* Assets.xcassets */ = {isa = PBXFileReference; lastKnownFileType = folder.assetcatalog; path = Assets.xcassets; sourceTree = "<group>"; };
		1F98657C261E74CC00E3077E /* Preview Assets.xcassets */ = {isa = PBXFileReference; lastKnownFileType = folder.assetcatalog; path = "Preview Assets.xcassets"; sourceTree = "<group>"; };
		1F98657E261E74CC00E3077E /* Info.plist */ = {isa = PBXFileReference; lastKnownFileType = text.plist.xml; path = Info.plist; sourceTree = "<group>"; };
		1F986585261E757900E3077E /* brand.json */ = {isa = PBXFileReference; fileEncoding = 4; lastKnownFileType = text.json; path = brand.json; sourceTree = "<group>"; };
		1F986586261E757900E3077E /* category.json */ = {isa = PBXFileReference; fileEncoding = 4; lastKnownFileType = text.json; path = category.json; sourceTree = "<group>"; };
		1F986587261E757900E3077E /* player.json */ = {isa = PBXFileReference; fileEncoding = 4; lastKnownFileType = text.json; path = player.json; sourceTree = "<group>"; };
		1F986588261E757900E3077E /* product.json */ = {isa = PBXFileReference; fileEncoding = 4; lastKnownFileType = text.json; path = product.json; sourceTree = "<group>"; };
		1F986598261E76A100E3077E /* Constant.swift */ = {isa = PBXFileReference; lastKnownFileType = sourcecode.swift; path = Constant.swift; sourceTree = "<group>"; };
		1F98659C261E7BA200E3077E /* FooterView.swift */ = {isa = PBXFileReference; lastKnownFileType = sourcecode.swift; path = FooterView.swift; sourceTree = "<group>"; };
/* End PBXFileReference section */

/* Begin PBXFrameworksBuildPhase section */
		1F98656F261E74CA00E3077E /* Frameworks */ = {
			isa = PBXFrameworksBuildPhase;
			buildActionMask = 2147483647;
			files = (
			);
			runOnlyForDeploymentPostprocessing = 0;
		};
/* End PBXFrameworksBuildPhase section */

/* Begin PBXGroup section */
		1F986569261E74CA00E3077E = {
			isa = PBXGroup;
			children = (
				1F986574261E74CA00E3077E /* Touchdown */,
				1F986573261E74CA00E3077E /* Products */,
			);
			sourceTree = "<group>";
		};
		1F986573261E74CA00E3077E /* Products */ = {
			isa = PBXGroup;
			children = (
				1F986572261E74CA00E3077E /* Touchdown.app */,
			);
			name = Products;
			sourceTree = "<group>";
		};
		1F986574261E74CA00E3077E /* Touchdown */ = {
			isa = PBXGroup;
			children = (
				1F986591261E762000E3077E /* App */,
				1F986592261E762A00E3077E /* View */,
				1F98658E261E758A00E3077E /* Data */,
				1F986595261E763B00E3077E /* Model */,
				1F986596261E763F00E3077E /* Extension */,
				1F986597261E764600E3077E /* Utility */,
				1F986579261E74CC00E3077E /* Assets.xcassets */,
				1F98657E261E74CC00E3077E /* Info.plist */,
				1F98657B261E74CC00E3077E /* Preview Content */,
			);
			path = Touchdown;
			sourceTree = "<group>";
		};
		1F98657B261E74CC00E3077E /* Preview Content */ = {
			isa = PBXGroup;
			children = (
				1F98657C261E74CC00E3077E /* Preview Assets.xcassets */,
			);
			path = "Preview Content";
			sourceTree = "<group>";
		};
		1F98658E261E758A00E3077E /* Data */ = {
			isa = PBXGroup;
			children = (
				1F986585261E757900E3077E /* brand.json */,
				1F986586261E757900E3077E /* category.json */,
				1F986587261E757900E3077E /* player.json */,
				1F986588261E757900E3077E /* product.json */,
			);
			path = Data;
			sourceTree = "<group>";
		};
		1F986591261E762000E3077E /* App */ = {
			isa = PBXGroup;
			children = (
				1F986575261E74CA00E3077E /* TouchdownApp.swift */,
				1F986577261E74CA00E3077E /* ContentView.swift */,
			);
			path = App;
			sourceTree = "<group>";
		};
		1F986592261E762A00E3077E /* View */ = {
			isa = PBXGroup;
			children = (
				1F986593261E763000E3077E /* Home */,
				1F986594261E763500E3077E /* Detail */,
			);
			path = View;
			sourceTree = "<group>";
		};
		1F986593261E763000E3077E /* Home */ = {
			isa = PBXGroup;
			children = (
				1F98659C261E7BA200E3077E /* FooterView.swift */,
				1F8D4358261F733800A9690D /* NavigationBarView.swift */,
				1F8D435B261FB40B00A9690D /* LogoView.swift */,
				1F8D4364261FBB3B00A9690D /* FeaturedItemView.swift */,
				1F8D4367261FBC3600A9690D /* FeaturedTabView.swift */,
			);
			path = Home;
			sourceTree = "<group>";
		};
		1F986594261E763500E3077E /* Detail */ = {
			isa = PBXGroup;
			children = (
			);
			path = Detail;
			sourceTree = "<group>";
		};
		1F986595261E763B00E3077E /* Model */ = {
			isa = PBXGroup;
			children = (
				1F8D435E261FB83500A9690D /* PlayerModel.swift */,
				1F8D436A261FBE7000A9690D /* CategoryModel.swift */,
			);
			path = Model;
			sourceTree = "<group>";
		};
		1F986596261E763F00E3077E /* Extension */ = {
			isa = PBXGroup;
			children = (
				1F8D4361261FB88400A9690D /* CodableBundleExtension.swift */,
			);
			path = Extension;
			sourceTree = "<group>";
		};
		1F986597261E764600E3077E /* Utility */ = {
			isa = PBXGroup;
			children = (
				1F986598261E76A100E3077E /* Constant.swift */,
			);
			path = Utility;
			sourceTree = "<group>";
		};
/* End PBXGroup section */

/* Begin PBXNativeTarget section */
		1F986571261E74CA00E3077E /* Touchdown */ = {
			isa = PBXNativeTarget;
			buildConfigurationList = 1F986581261E74CC00E3077E /* Build configuration list for PBXNativeTarget "Touchdown" */;
			buildPhases = (
				1F98656E261E74CA00E3077E /* Sources */,
				1F98656F261E74CA00E3077E /* Frameworks */,
				1F986570261E74CA00E3077E /* Resources */,
			);
			buildRules = (
			);
			dependencies = (
			);
			name = Touchdown;
			productName = Touchdown;
			productReference = 1F986572261E74CA00E3077E /* Touchdown.app */;
			productType = "com.apple.product-type.application";
		};
/* End PBXNativeTarget section */

/* Begin PBXProject section */
		1F98656A261E74CA00E3077E /* Project object */ = {
			isa = PBXProject;
			attributes = {
				LastSwiftUpdateCheck = 1240;
				LastUpgradeCheck = 1240;
				TargetAttributes = {
					1F986571261E74CA00E3077E = {
						CreatedOnToolsVersion = 12.4;
					};
				};
			};
			buildConfigurationList = 1F98656D261E74CA00E3077E /* Build configuration list for PBXProject "Touchdown" */;
			compatibilityVersion = "Xcode 9.3";
			developmentRegion = en;
			hasScannedForEncodings = 0;
			knownRegions = (
				en,
				Base,
			);
			mainGroup = 1F986569261E74CA00E3077E;
			productRefGroup = 1F986573261E74CA00E3077E /* Products */;
			projectDirPath = "";
			projectRoot = "";
			targets = (
				1F986571261E74CA00E3077E /* Touchdown */,
			);
		};
/* End PBXProject section */

/* Begin PBXResourcesBuildPhase section */
		1F986570261E74CA00E3077E /* Resources */ = {
			isa = PBXResourcesBuildPhase;
			buildActionMask = 2147483647;
			files = (
				1F98658B261E757900E3077E /* player.json in Resources */,
				1F98657D261E74CC00E3077E /* Preview Assets.xcassets in Resources */,
				1F98657A261E74CC00E3077E /* Assets.xcassets in Resources */,
				1F986589261E757900E3077E /* brand.json in Resources */,
				1F98658A261E757900E3077E /* category.json in Resources */,
				1F98658C261E757900E3077E /* product.json in Resources */,
			);
			runOnlyForDeploymentPostprocessing = 0;
		};
/* End PBXResourcesBuildPhase section */

/* Begin PBXSourcesBuildPhase section */
		1F98656E261E74CA00E3077E /* Sources */ = {
			isa = PBXSourcesBuildPhase;
			buildActionMask = 2147483647;
			files = (
				1F8D4362261FB88400A9690D /* CodableBundleExtension.swift in Sources */,
				1F986578261E74CA00E3077E /* ContentView.swift in Sources */,
				1F8D435C261FB40B00A9690D /* LogoView.swift in Sources */,
				1F98659D261E7BA200E3077E /* FooterView.swift in Sources */,
				1F8D4365261FBB3B00A9690D /* FeaturedItemView.swift in Sources */,
				1F986576261E74CA00E3077E /* TouchdownApp.swift in Sources */,
				1F986599261E76A100E3077E /* Constant.swift in Sources */,
				1F8D436B261FBE7000A9690D /* CategoryModel.swift in Sources */,
				1F8D4359261F733800A9690D /* NavigationBarView.swift in Sources */,
				1F8D4368261FBC3600A9690D /* FeaturedTabView.swift in Sources */,
				1F8D435F261FB83500A9690D /* PlayerModel.swift in Sources */,
			);
			runOnlyForDeploymentPostprocessing = 0;
		};
/* End PBXSourcesBuildPhase section */

/* Begin XCBuildConfiguration section */
		1F98657F261E74CC00E3077E /* Debug */ = {
			isa = XCBuildConfiguration;
			buildSettings = {
				ALWAYS_SEARCH_USER_PATHS = NO;
				CLANG_ANALYZER_NONNULL = YES;
				CLANG_ANALYZER_NUMBER_OBJECT_CONVERSION = YES_AGGRESSIVE;
				CLANG_CXX_LANGUAGE_STANDARD = "gnu++14";
				CLANG_CXX_LIBRARY = "libc++";
				CLANG_ENABLE_MODULES = YES;
				CLANG_ENABLE_OBJC_ARC = YES;
				CLANG_ENABLE_OBJC_WEAK = YES;
				CLANG_WARN_BLOCK_CAPTURE_AUTORELEASING = YES;
				CLANG_WARN_BOOL_CONVERSION = YES;
				CLANG_WARN_COMMA = YES;
				CLANG_WARN_CONSTANT_CONVERSION = YES;
				CLANG_WARN_DEPRECATED_OBJC_IMPLEMENTATIONS = YES;
				CLANG_WARN_DIRECT_OBJC_ISA_USAGE = YES_ERROR;
				CLANG_WARN_DOCUMENTATION_COMMENTS = YES;
				CLANG_WARN_EMPTY_BODY = YES;
				CLANG_WARN_ENUM_CONVERSION = YES;
				CLANG_WARN_INFINITE_RECURSION = YES;
				CLANG_WARN_INT_CONVERSION = YES;
				CLANG_WARN_NON_LITERAL_NULL_CONVERSION = YES;
				CLANG_WARN_OBJC_IMPLICIT_RETAIN_SELF = YES;
				CLANG_WARN_OBJC_LITERAL_CONVERSION = YES;
				CLANG_WARN_OBJC_ROOT_CLASS = YES_ERROR;
				CLANG_WARN_QUOTED_INCLUDE_IN_FRAMEWORK_HEADER = YES;
				CLANG_WARN_RANGE_LOOP_ANALYSIS = YES;
				CLANG_WARN_STRICT_PROTOTYPES = YES;
				CLANG_WARN_SUSPICIOUS_MOVE = YES;
				CLANG_WARN_UNGUARDED_AVAILABILITY = YES_AGGRESSIVE;
				CLANG_WARN_UNREACHABLE_CODE = YES;
				CLANG_WARN__DUPLICATE_METHOD_MATCH = YES;
				COPY_PHASE_STRIP = NO;
				DEBUG_INFORMATION_FORMAT = dwarf;
				ENABLE_STRICT_OBJC_MSGSEND = YES;
				ENABLE_TESTABILITY = YES;
				GCC_C_LANGUAGE_STANDARD = gnu11;
				GCC_DYNAMIC_NO_PIC = NO;
				GCC_NO_COMMON_BLOCKS = YES;
				GCC_OPTIMIZATION_LEVEL = 0;
				GCC_PREPROCESSOR_DEFINITIONS = (
					"DEBUG=1",
					"$(inherited)",
				);
				GCC_WARN_64_TO_32_BIT_CONVERSION = YES;
				GCC_WARN_ABOUT_RETURN_TYPE = YES_ERROR;
				GCC_WARN_UNDECLARED_SELECTOR = YES;
				GCC_WARN_UNINITIALIZED_AUTOS = YES_AGGRESSIVE;
				GCC_WARN_UNUSED_FUNCTION = YES;
				GCC_WARN_UNUSED_VARIABLE = YES;
				IPHONEOS_DEPLOYMENT_TARGET = 14.4;
				MTL_ENABLE_DEBUG_INFO = INCLUDE_SOURCE;
				MTL_FAST_MATH = YES;
				ONLY_ACTIVE_ARCH = YES;
				SDKROOT = iphoneos;
				SWIFT_ACTIVE_COMPILATION_CONDITIONS = DEBUG;
				SWIFT_OPTIMIZATION_LEVEL = "-Onone";
			};
			name = Debug;
		};
		1F986580261E74CC00E3077E /* Release */ = {
			isa = XCBuildConfiguration;
			buildSettings = {
				ALWAYS_SEARCH_USER_PATHS = NO;
				CLANG_ANALYZER_NONNULL = YES;
				CLANG_ANALYZER_NUMBER_OBJECT_CONVERSION = YES_AGGRESSIVE;
				CLANG_CXX_LANGUAGE_STANDARD = "gnu++14";
				CLANG_CXX_LIBRARY = "libc++";
				CLANG_ENABLE_MODULES = YES;
				CLANG_ENABLE_OBJC_ARC = YES;
				CLANG_ENABLE_OBJC_WEAK = YES;
				CLANG_WARN_BLOCK_CAPTURE_AUTORELEASING = YES;
				CLANG_WARN_BOOL_CONVERSION = YES;
				CLANG_WARN_COMMA = YES;
				CLANG_WARN_CONSTANT_CONVERSION = YES;
				CLANG_WARN_DEPRECATED_OBJC_IMPLEMENTATIONS = YES;
				CLANG_WARN_DIRECT_OBJC_ISA_USAGE = YES_ERROR;
				CLANG_WARN_DOCUMENTATION_COMMENTS = YES;
				CLANG_WARN_EMPTY_BODY = YES;
				CLANG_WARN_ENUM_CONVERSION = YES;
				CLANG_WARN_INFINITE_RECURSION = YES;
				CLANG_WARN_INT_CONVERSION = YES;
				CLANG_WARN_NON_LITERAL_NULL_CONVERSION = YES;
				CLANG_WARN_OBJC_IMPLICIT_RETAIN_SELF = YES;
				CLANG_WARN_OBJC_LITERAL_CONVERSION = YES;
				CLANG_WARN_OBJC_ROOT_CLASS = YES_ERROR;
				CLANG_WARN_QUOTED_INCLUDE_IN_FRAMEWORK_HEADER = YES;
				CLANG_WARN_RANGE_LOOP_ANALYSIS = YES;
				CLANG_WARN_STRICT_PROTOTYPES = YES;
				CLANG_WARN_SUSPICIOUS_MOVE = YES;
				CLANG_WARN_UNGUARDED_AVAILABILITY = YES_AGGRESSIVE;
				CLANG_WARN_UNREACHABLE_CODE = YES;
				CLANG_WARN__DUPLICATE_METHOD_MATCH = YES;
				COPY_PHASE_STRIP = NO;
				DEBUG_INFORMATION_FORMAT = "dwarf-with-dsym";
				ENABLE_NS_ASSERTIONS = NO;
				ENABLE_STRICT_OBJC_MSGSEND = YES;
				GCC_C_LANGUAGE_STANDARD = gnu11;
				GCC_NO_COMMON_BLOCKS = YES;
				GCC_WARN_64_TO_32_BIT_CONVERSION = YES;
				GCC_WARN_ABOUT_RETURN_TYPE = YES_ERROR;
				GCC_WARN_UNDECLARED_SELECTOR = YES;
				GCC_WARN_UNINITIALIZED_AUTOS = YES_AGGRESSIVE;
				GCC_WARN_UNUSED_FUNCTION = YES;
				GCC_WARN_UNUSED_VARIABLE = YES;
				IPHONEOS_DEPLOYMENT_TARGET = 14.4;
				MTL_ENABLE_DEBUG_INFO = NO;
				MTL_FAST_MATH = YES;
				SDKROOT = iphoneos;
				SWIFT_COMPILATION_MODE = wholemodule;
				SWIFT_OPTIMIZATION_LEVEL = "-O";
				VALIDATE_PRODUCT = YES;
			};
			name = Release;
		};
		1F986582261E74CC00E3077E /* Debug */ = {
			isa = XCBuildConfiguration;
			buildSettings = {
				ASSETCATALOG_COMPILER_APPICON_NAME = AppIcon;
				ASSETCATALOG_COMPILER_GLOBAL_ACCENT_COLOR_NAME = AccentColor;
				CODE_SIGN_STYLE = Automatic;
				DEVELOPMENT_ASSET_PATHS = "\"Touchdown/Preview Content\"";
				DEVELOPMENT_TEAM = W76629ZSTA;
				ENABLE_PREVIEWS = YES;
				INFOPLIST_FILE = Touchdown/Info.plist;
				IPHONEOS_DEPLOYMENT_TARGET = 14.0;
				LD_RUNPATH_SEARCH_PATHS = (
					"$(inherited)",
					"@executable_path/Frameworks",
				);
				PRODUCT_BUNDLE_IDENTIFIER = com.jobuilds.Touchdown;
				PRODUCT_NAME = "$(TARGET_NAME)";
				SWIFT_VERSION = 5.0;
				TARGETED_DEVICE_FAMILY = "1,2";
			};
			name = Debug;
		};
		1F986583261E74CC00E3077E /* Release */ = {
			isa = XCBuildConfiguration;
			buildSettings = {
				ASSETCATALOG_COMPILER_APPICON_NAME = AppIcon;
				ASSETCATALOG_COMPILER_GLOBAL_ACCENT_COLOR_NAME = AccentColor;
				CODE_SIGN_STYLE = Automatic;
				DEVELOPMENT_ASSET_PATHS = "\"Touchdown/Preview Content\"";
				DEVELOPMENT_TEAM = W76629ZSTA;
				ENABLE_PREVIEWS = YES;
				INFOPLIST_FILE = Touchdown/Info.plist;
				IPHONEOS_DEPLOYMENT_TARGET = 14.0;
				LD_RUNPATH_SEARCH_PATHS = (
					"$(inherited)",
					"@executable_path/Frameworks",
				);
				PRODUCT_BUNDLE_IDENTIFIER = com.jobuilds.Touchdown;
				PRODUCT_NAME = "$(TARGET_NAME)";
				SWIFT_VERSION = 5.0;
				TARGETED_DEVICE_FAMILY = "1,2";
			};
			name = Release;
		};
/* End XCBuildConfiguration section */

/* Begin XCConfigurationList section */
		1F98656D261E74CA00E3077E /* Build configuration list for PBXProject "Touchdown" */ = {
			isa = XCConfigurationList;
			buildConfigurations = (
				1F98657F261E74CC00E3077E /* Debug */,
				1F986580261E74CC00E3077E /* Release */,
			);
			defaultConfigurationIsVisible = 0;
			defaultConfigurationName = Release;
		};
		1F986581261E74CC00E3077E /* Build configuration list for PBXNativeTarget "Touchdown" */ = {
			isa = XCConfigurationList;
			buildConfigurations = (
				1F986582261E74CC00E3077E /* Debug */,
				1F986583261E74CC00E3077E /* Release */,
			);
			defaultConfigurationIsVisible = 0;
			defaultConfigurationName = Release;
		};
/* End XCConfigurationList section */
	};
	rootObject = 1F98656A261E74CA00E3077E /* Project object */;
}
